Microsoft Visual Studio Solution File, Format Version 12.00
# Visual Studio Version 17
VisualStudioVersion = 17.9.34622.214
MinimumVisualStudioVersion = 10.0.40219.1
Project("{9A19103F-16F7-4668-BE54-9A1E7A4F7556}") = "MusicWeaveArtist", "src\PresentationLayer\MusicWeaveArtist\MusicWeaveArtist.csproj", "{90FD30A1-6C9B-471B-AFD5-98B70A917B47}"
EndProject
Project("{9A19103F-16F7-4668-BE54-9A1E7A4F7556}") = "MusicWeaveListener", "src\PresentationLayer\MusicWeaveListener\MusicWeaveListener.csproj", "{0E028427-0AA8-42C9-8D52-CBCAB8335D4F}"
EndProject
Project("{9A19103F-16F7-4668-BE54-9A1E7A4F7556}") = "SharedControllers", "src\PresentationLayer\SharedControllers\SharedControllers.csproj", "{1E1E3984-3E3C-456A-920C-8C44AAA82303}"
EndProject
Project("{9A19103F-16F7-4668-BE54-9A1E7A4F7556}") = "ApplicationLayer", "src\ApplicationLayer\ApplicationLayer.csproj", "{E65865EE-001F-4EF4-AD60-1795689E62FD}"
EndProject
Project("{9A19103F-16F7-4668-BE54-9A1E7A4F7556}") = "DataAccessLayer", "src\DataAccessLayer\DataAccessLayer.csproj", "{C5E2EC77-6F4F-4F19-8E92-5E217F27D98A}"
EndProject
Project("{9A19103F-16F7-4668-BE54-9A1E7A4F7556}") = "UtilitiesLayer", "src\UtilitiesLayer\UtilitiesLayer.csproj", "{9A77A5AF-2785-4BE4-8695-C9679465B675}"
EndProject
Project("{9A19103F-16F7-4668-BE54-9A1E7A4F7556}") = "DomainLayer", "src\DomainLayer\DomainLayer.csproj", "{353A277D-1A8F-4A36-A89F-F9567681B7F2}"
EndProject
Global
	GlobalSection(SolutionConfigurationPlatforms) = preSolution
		Debug|Any CPU = Debug|Any CPU
		Release|Any CPU = Release|Any CPU
	EndGlobalSection
	GlobalSection(ProjectConfigurationPlatforms) = postSolution
		{90FD30A1-6C9B-471B-AFD5-98B70A917B47}.Debug|Any CPU.ActiveCfg = Debug|Any CPU
		{90FD30A1-6C9B-471B-AFD5-98B70A917B47}.Debug|Any CPU.Build.0 = Debug|Any CPU
		{90FD30A1-6C9B-471B-AFD5-98B70A917B47}.Release|Any CPU.ActiveCfg = Release|Any CPU
		{90FD30A1-6C9B-471B-AFD5-98B70A917B47}.Release|Any CPU.Build.0 = Release|Any CPU
		{0E028427-0AA8-42C9-8D52-CBCAB8335D4F}.Debug|Any CPU.ActiveCfg = Debug|Any CPU
		{0E028427-0AA8-42C9-8D52-CBCAB8335D4F}.Debug|Any CPU.Build.0 = Debug|Any CPU
		{0E028427-0AA8-42C9-8D52-CBCAB8335D4F}.Release|Any CPU.ActiveCfg = Release|Any CPU
		{0E028427-0AA8-42C9-8D52-CBCAB8335D4F}.Release|Any CPU.Build.0 = Release|Any CPU
		{1E1E3984-3E3C-456A-920C-8C44AAA82303}.Debug|Any CPU.ActiveCfg = Debug|Any CPU
		{1E1E3984-3E3C-456A-920C-8C44AAA82303}.Debug|Any CPU.Build.0 = Debug|Any CPU
		{1E1E3984-3E3C-456A-920C-8C44AAA82303}.Release|Any CPU.ActiveCfg = Release|Any CPU
		{1E1E3984-3E3C-456A-920C-8C44AAA82303}.Release|Any CPU.Build.0 = Release|Any CPU
		{E65865EE-001F-4EF4-AD60-1795689E62FD}.Debug|Any CPU.ActiveCfg = Debug|Any CPU
		{E65865EE-001F-4EF4-AD60-1795689E62FD}.Debug|Any CPU.Build.0 = Debug|Any CPU
		{E65865EE-001F-4EF4-AD60-1795689E62FD}.Release|Any CPU.ActiveCfg = Release|Any CPU
		{E65865EE-001F-4EF4-AD60-1795689E62FD}.Release|Any CPU.Build.0 = Release|Any CPU
		{C5E2EC77-6F4F-4F19-8E92-5E217F27D98A}.Debug|Any CPU.ActiveCfg = Debug|Any CPU
		{C5E2EC77-6F4F-4F19-8E92-5E217F27D98A}.Debug|Any CPU.Build.0 = Debug|Any CPU
		{C5E2EC77-6F4F-4F19-8E92-5E217F27D98A}.Release|Any CPU.ActiveCfg = Release|Any CPU
		{C5E2EC77-6F4F-4F19-8E92-5E217F27D98A}.Release|Any CPU.Build.0 = Release|Any CPU
		{9A77A5AF-2785-4BE4-8695-C9679465B675}.Debug|Any CPU.ActiveCfg = Debug|Any CPU
		{9A77A5AF-2785-4BE4-8695-C9679465B675}.Debug|Any CPU.Build.0 = Debug|Any CPU
		{9A77A5AF-2785-4BE4-8695-C9679465B675}.Release|Any CPU.ActiveCfg = Release|Any CPU
		{9A77A5AF-2785-4BE4-8695-C9679465B675}.Release|Any CPU.Build.0 = Release|Any CPU
		{353A277D-1A8F-4A36-A89F-F9567681B7F2}.Debug|Any CPU.ActiveCfg = Debug|Any CPU
		{353A277D-1A8F-4A36-A89F-F9567681B7F2}.Debug|Any CPU.Build.0 = Debug|Any CPU
		{353A277D-1A8F-4A36-A89F-F9567681B7F2}.Release|Any CPU.ActiveCfg = Release|Any CPU
		{353A277D-1A8F-4A36-A89F-F9567681B7F2}.Release|Any CPU.Build.0 = Release|Any CPU
	EndGlobalSection
	GlobalSection(SolutionProperties) = preSolution
		HideSolutionNode = FALSE
	EndGlobalSection
	GlobalSection(ExtensibilityGlobals) = postSolution
		SolutionGuid = {0F17CF96-A8DE-4930-B00C-5CA85D5DD965}
	EndGlobalSection
EndGlobal
